
Microsoft Visual Studio Solution File, Format Version 12.00
# Visual Studio 14
VisualStudioVersion = 14.0.25420.1
MinimumVisualStudioVersion = 10.0.40219.1
Project("{2150E333-8FDC-42A3-9474-1A3956D46DE8}") = "src", "src", "{76404700-CD25-4619-B7E1-46BF3F189A23}"
EndProject
Project("{2150E333-8FDC-42A3-9474-1A3956D46DE8}") = "Solution Items", "Solution Items", "{84578142-A7D3-4755-A05B-2F2F1A653257}"
	ProjectSection(SolutionItems) = preProject
		global.json = global.json
	EndProjectSection
EndProject
Project("{8BB2217D-0F2D-49D1-97BC-3654ED321F3B}") = "test", "src\test\test.xproj", "{B58727DE-E2E2-4942-90E5-0BA2E97A4404}"
EndProject
Global
	GlobalSection(SolutionConfigurationPlatforms) = preSolution
		Debug|Any CPU = Debug|Any CPU
		Release|Any CPU = Release|Any CPU
	EndGlobalSection
	GlobalSection(ProjectConfigurationPlatforms) = postSolution
		{B58727DE-E2E2-4942-90E5-0BA2E97A4404}.Debug|Any CPU.ActiveCfg = Debug|Any CPU
		{B58727DE-E2E2-4942-90E5-0BA2E97A4404}.Debug|Any CPU.Build.0 = Debug|Any CPU
		{B58727DE-E2E2-4942-90E5-0BA2E97A4404}.Release|Any CPU.ActiveCfg = Release|Any CPU
		{B58727DE-E2E2-4942-90E5-0BA2E97A4404}.Release|Any CPU.Build.0 = Release|Any CPU
	EndGlobalSection
	GlobalSection(SolutionProperties) = preSolution
		HideSolutionNode = FALSE
	EndGlobalSection
	GlobalSection(NestedProjects) = preSolution
		{B58727DE-E2E2-4942-90E5-0BA2E97A4404} = {76404700-CD25-4619-B7E1-46BF3F189A23}
	EndGlobalSection
EndGlobal
